{
  "name": "promptlm-acceptance-tests",
  "version": "0.1.0",
  "lockfileVersion": 3,
  "requires": true,
  "packages": {
    "": {
      "name": "promptlm-acceptance-tests",
      "version": "0.1.0",
      "dependencies": {
        "@promptlm/api-client": "file:../components/promptlm-api-client"
      },
      "devDependencies": {
        "@playwright/test": "^1.55.1",
        "@types/node": "^20.0.0",
        "typescript": "^5.4.0"
      }
    },
    "../components/promptlm-api-client": {
      "name": "@promptlm/api-client",
      "version": "0.1.0",
      "dependencies": {
        "ajv": "^8.18.0",
        "ajv-formats": "^3.0.1"
      },
      "devDependencies": {
        "@asyncapi/specs": "^6.11.1",
        "json-schema-to-typescript": "^15.0.4",
        "openapi-typescript": "^7.4.1",
        "openapi-typescript-codegen": "^0.30.0",
        "typescript": "^5.8.3",
        "yaml": "^2.8.1"
      }
    },
    "../components/promptlm-api-client/node_modules/ajv": {
      "version": "8.18.0",
      "license": "MIT",
      "dependencies": {
        "fast-deep-equal": "^3.1.3",
        "fast-uri": "^3.0.1",
        "json-schema-traverse": "^1.0.0",
        "require-from-string": "^2.0.2"
      },
      "funding": {
        "type": "github",
        "url": "https://github.com/sponsors/epoberezkin"
      }
    },
    "../components/promptlm-api-client/node_modules/json-schema-traverse": {
      "version": "1.0.0",
      "license": "MIT"
    },
    "node_modules/@playwright/test": {
      "version": "1.60.0",
      "dev": true,
      "license": "Apache-2.0",
      "dependencies": {
        "playwright": "1.60.0"
      },
      "bin": {
        "playwright": "cli.js"
      },
      "engines": {
        "node": ">=18"
      }
    },
    "node_modules/@promptlm/api-client": {
      "resolved": "../components/promptlm-api-client",
      "link": true
    },
    "node_modules/@types/node": {
      "version": "20.19.41",
      "dev": true,
      "license": "MIT",
      "dependencies": {
        "undici-types": "~6.21.0"
      }
    },
    "node_modules/fsevents": {
      "version": "2.3.2",
      "dev": true,
      "license": "MIT",
      "optional": true,
      "os": [
        "darwin"
      ],
      "engines": {
        "node": "^8.16.0 || ^10.6.0 || >=11.0.0"
      }
    },
    "node_modules/playwright": {
      "version": "1.60.0",
      "dev": true,
      "license": "Apache-2.0",
      "dependencies": {
        "playwright-core": "1.60.0"
      },
      "bin": {
        "playwright": "cli.js"
      },
      "engines": {
        "node": ">=18"
      },
      "optionalDependencies": {
        "fsevents": "2.3.2"
      }
    },
    "node_modules/playwright-core": {
      "version": "1.60.0",
      "dev": true,
      "license": "Apache-2.0",
      "bin": {
        "playwright-core": "cli.js"
      },
      "engines": {
        "node": ">=18"
      }
    },
    "node_modules/typescript": {
      "version": "5.9.3",
      "dev": true,
      "license": "Apache-2.0",
      "bin": {
        "tsc": "bin/tsc",
        "tsserver": "bin/tsserver"
      },
      "engines": {
        "node": ">=14.17"
      }
    },
    "node_modules/undici-types": {
      "version": "6.21.0",
      "dev": true,
      "license": "MIT"
    }
  }
}
